
Microsoft Visual Studio Solution File, Format Version 12.00
# Visual Studio Version 17
VisualStudioVersion = 17.6.33829.357
MinimumVisualStudioVersion = 10.0.40219.1
Project("{2150E333-8FDC-42A3-9474-1A3956D46DE8}") = "src", "src", "{BEE83638-F626-434B-9AE0-E71696D1A3B5}"
EndProject
Project("{2150E333-8FDC-42A3-9474-1A3956D46DE8}") = "Api", "Api", "{B1154AF4-AE65-42C1-B73D-932119CFB026}"
EndProject
Project("{2150E333-8FDC-42A3-9474-1A3956D46DE8}") = "Clients", "Clients", "{23A8E3BA-00BA-41AA-AC6F-FBF202A96DB3}"
EndProject
Project("{2150E333-8FDC-42A3-9474-1A3956D46DE8}") = "Common", "Common", "{2E8BA049-6021-4DEA-8B43-C5A0F7A9ED8D}"
EndProject
Project("{2150E333-8FDC-42A3-9474-1A3956D46DE8}") = "Projections", "Projections", "{B7D7B268-83B9-4000-81AA-68C10D99360D}"
EndProject
Project("{2150E333-8FDC-42A3-9474-1A3956D46DE8}") = "Core", "Core", "{03CE0FC3-EB9A-44C3-AE64-BC7E6A5324AD}"
EndProject
Project("{2150E333-8FDC-42A3-9474-1A3956D46DE8}") = "Infrastructure", "Infrastructure", "{D62FDBDE-C859-4EF1-973D-394EBC7DE09C}"
EndProject
Project("{2150E333-8FDC-42A3-9474-1A3956D46DE8}") = "WebApi", "WebApi", "{2F5E28A1-A183-488F-A95E-FFDDADCDD7DF}"
EndProject
Project("{2150E333-8FDC-42A3-9474-1A3956D46DE8}") = "BlazorWeb", "BlazorWeb", "{8A959ABF-92F9-47E4-BDDD-4941048BF36E}"
EndProject
Project("{FAE04EC0-301F-11D3-BF4B-00C04F79EFBC}") = "BlazorSozluk.Api.Domain", "src\Api\Core\BlazorSozluk.Api.Domain\BlazorSozluk.Api.Domain.csproj", "{FF6FCFE4-4B69-4090-9B5C-070560992144}"
EndProject
Project("{FAE04EC0-301F-11D3-BF4B-00C04F79EFBC}") = "BlazorSozluk.Api.Applicaition", "src\Api\Core\BlazorSozluk.Api.Applicaition\BlazorSozluk.Api.Applicaition.csproj", "{728F55AA-BFEF-4D78-86BB-10D92534F1F3}"
EndProject
Project("{FAE04EC0-301F-11D3-BF4B-00C04F79EFBC}") = "BlazorSozluk.Infrastructure.Persistance", "src\Api\Infrastructure\BlazorSozluk.Infrastructure.Persistance\BlazorSozluk.Infrastructure.Persistance.csproj", "{5F59FADF-302A-4757-B43F-CA2312C5F436}"
EndProject
Project("{FAE04EC0-301F-11D3-BF4B-00C04F79EFBC}") = "BlazorSozluk.Api.WebApi", "src\Api\WebApi\BlazorSozluk.Api.WebApi\BlazorSozluk.Api.WebApi.csproj", "{ED1B3726-B498-4919-AEF1-06EB47329025}"
EndProject
Project("{FAE04EC0-301F-11D3-BF4B-00C04F79EFBC}") = "BlazorSozluk.Projections.FavoriteService", "src\Projections\BlazorSozluk.Projections.FavoriteService\BlazorSozluk.Projections.FavoriteService.csproj", "{EE92C02D-0A3A-4B43-97CF-B24CB599C370}"
EndProject
Project("{FAE04EC0-301F-11D3-BF4B-00C04F79EFBC}") = "BlazorSozluk.Projections.UserService", "src\Projections\BlazorSozluk.Projections.UserService\BlazorSozluk.Projections.UserService.csproj", "{DEB7B1CD-AF4B-42D2-B145-DCD122EAF3A6}"
EndProject
Project("{FAE04EC0-301F-11D3-BF4B-00C04F79EFBC}") = "BlazorSozluk.Projections.VoteService", "src\Projections\BlazorSozluk.Projections.VoteService\BlazorSozluk.Projections.VoteService.csproj", "{C87B2864-276F-45D6-A983-31A4612B51A3}"
EndProject
Project("{FAE04EC0-301F-11D3-BF4B-00C04F79EFBC}") = "BlazorSozluk.Common", "src\Common\BlazorSozluk.Common\BlazorSozluk.Common.csproj", "{17FADDD9-FB19-43BA-9DB9-5904502324D9}"
EndProject
Project("{FAE04EC0-301F-11D3-BF4B-00C04F79EFBC}") = "BlazorSozluk.WebApp", "src\Clients\BlazorWeb\BlazorSozluk.WebApp\BlazorSozluk.WebApp.csproj", "{DFC2A52F-FADA-4085-9AC0-3F65C79F9CBA}"
EndProject
Global
	GlobalSection(SolutionConfigurationPlatforms) = preSolution
		Debug|Any CPU = Debug|Any CPU
		Release|Any CPU = Release|Any CPU
	EndGlobalSection
	GlobalSection(ProjectConfigurationPlatforms) = postSolution
		{FF6FCFE4-4B69-4090-9B5C-070560992144}.Debug|Any CPU.ActiveCfg = Debug|Any CPU
		{FF6FCFE4-4B69-4090-9B5C-070560992144}.Debug|Any CPU.Build.0 = Debug|Any CPU
		{FF6FCFE4-4B69-4090-9B5C-070560992144}.Release|Any CPU.ActiveCfg = Release|Any CPU
		{FF6FCFE4-4B69-4090-9B5C-070560992144}.Release|Any CPU.Build.0 = Release|Any CPU
		{728F55AA-BFEF-4D78-86BB-10D92534F1F3}.Debug|Any CPU.ActiveCfg = Debug|Any CPU
		{728F55AA-BFEF-4D78-86BB-10D92534F1F3}.Debug|Any CPU.Build.0 = Debug|Any CPU
		{728F55AA-BFEF-4D78-86BB-10D92534F1F3}.Release|Any CPU.ActiveCfg = Release|Any CPU
		{728F55AA-BFEF-4D78-86BB-10D92534F1F3}.Release|Any CPU.Build.0 = Release|Any CPU
		{5F59FADF-302A-4757-B43F-CA2312C5F436}.Debug|Any CPU.ActiveCfg = Debug|Any CPU
		{5F59FADF-302A-4757-B43F-CA2312C5F436}.Debug|Any CPU.Build.0 = Debug|Any CPU
		{5F59FADF-302A-4757-B43F-CA2312C5F436}.Release|Any CPU.ActiveCfg = Release|Any CPU
		{5F59FADF-302A-4757-B43F-CA2312C5F436}.Release|Any CPU.Build.0 = Release|Any CPU
		{ED1B3726-B498-4919-AEF1-06EB47329025}.Debug|Any CPU.ActiveCfg = Debug|Any CPU
		{ED1B3726-B498-4919-AEF1-06EB47329025}.Debug|Any CPU.Build.0 = Debug|Any CPU
		{ED1B3726-B498-4919-AEF1-06EB47329025}.Release|Any CPU.ActiveCfg = Release|Any CPU
		{ED1B3726-B498-4919-AEF1-06EB47329025}.Release|Any CPU.Build.0 = Release|Any CPU
		{EE92C02D-0A3A-4B43-97CF-B24CB599C370}.Debug|Any CPU.ActiveCfg = Debug|Any CPU
		{EE92C02D-0A3A-4B43-97CF-B24CB599C370}.Debug|Any CPU.Build.0 = Debug|Any CPU
		{EE92C02D-0A3A-4B43-97CF-B24CB599C370}.Release|Any CPU.ActiveCfg = Release|Any CPU
		{EE92C02D-0A3A-4B43-97CF-B24CB599C370}.Release|Any CPU.Build.0 = Release|Any CPU
		{DEB7B1CD-AF4B-42D2-B145-DCD122EAF3A6}.Debug|Any CPU.ActiveCfg = Debug|Any CPU
		{DEB7B1CD-AF4B-42D2-B145-DCD122EAF3A6}.Debug|Any CPU.Build.0 = Debug|Any CPU
		{DEB7B1CD-AF4B-42D2-B145-DCD122EAF3A6}.Release|Any CPU.ActiveCfg = Release|Any CPU
		{DEB7B1CD-AF4B-42D2-B145-DCD122EAF3A6}.Release|Any CPU.Build.0 = Release|Any CPU
		{C87B2864-276F-45D6-A983-31A4612B51A3}.Debug|Any CPU.ActiveCfg = Debug|Any CPU
		{C87B2864-276F-45D6-A983-31A4612B51A3}.Debug|Any CPU.Build.0 = Debug|Any CPU
		{C87B2864-276F-45D6-A983-31A4612B51A3}.Release|Any CPU.ActiveCfg = Release|Any CPU
		{C87B2864-276F-45D6-A983-31A4612B51A3}.Release|Any CPU.Build.0 = Release|Any CPU
		{17FADDD9-FB19-43BA-9DB9-5904502324D9}.Debug|Any CPU.ActiveCfg = Debug|Any CPU
		{17FADDD9-FB19-43BA-9DB9-5904502324D9}.Debug|Any CPU.Build.0 = Debug|Any CPU
		{17FADDD9-FB19-43BA-9DB9-5904502324D9}.Release|Any CPU.ActiveCfg = Release|Any CPU
		{17FADDD9-FB19-43BA-9DB9-5904502324D9}.Release|Any CPU.Build.0 = Release|Any CPU
		{DFC2A52F-FADA-4085-9AC0-3F65C79F9CBA}.Debug|Any CPU.ActiveCfg = Debug|Any CPU
		{DFC2A52F-FADA-4085-9AC0-3F65C79F9CBA}.Debug|Any CPU.Build.0 = Debug|Any CPU
		{DFC2A52F-FADA-4085-9AC0-3F65C79F9CBA}.Release|Any CPU.ActiveCfg = Release|Any CPU
		{DFC2A52F-FADA-4085-9AC0-3F65C79F9CBA}.Release|Any CPU.Build.0 = Release|Any CPU
	EndGlobalSection
	GlobalSection(SolutionProperties) = preSolution
		HideSolutionNode = FALSE
	EndGlobalSection
	GlobalSection(NestedProjects) = preSolution
		{B1154AF4-AE65-42C1-B73D-932119CFB026} = {BEE83638-F626-434B-9AE0-E71696D1A3B5}
		{23A8E3BA-00BA-41AA-AC6F-FBF202A96DB3} = {BEE83638-F626-434B-9AE0-E71696D1A3B5}
		{2E8BA049-6021-4DEA-8B43-C5A0F7A9ED8D} = {BEE83638-F626-434B-9AE0-E71696D1A3B5}
		{B7D7B268-83B9-4000-81AA-68C10D99360D} = {BEE83638-F626-434B-9AE0-E71696D1A3B5}
		{03CE0FC3-EB9A-44C3-AE64-BC7E6A5324AD} = {B1154AF4-AE65-42C1-B73D-932119CFB026}
		{D62FDBDE-C859-4EF1-973D-394EBC7DE09C} = {B1154AF4-AE65-42C1-B73D-932119CFB026}
		{2F5E28A1-A183-488F-A95E-FFDDADCDD7DF} = {B1154AF4-AE65-42C1-B73D-932119CFB026}
		{8A959ABF-92F9-47E4-BDDD-4941048BF36E} = {23A8E3BA-00BA-41AA-AC6F-FBF202A96DB3}
		{FF6FCFE4-4B69-4090-9B5C-070560992144} = {03CE0FC3-EB9A-44C3-AE64-BC7E6A5324AD}
		{728F55AA-BFEF-4D78-86BB-10D92534F1F3} = {03CE0FC3-EB9A-44C3-AE64-BC7E6A5324AD}
		{5F59FADF-302A-4757-B43F-CA2312C5F436} = {D62FDBDE-C859-4EF1-973D-394EBC7DE09C}
		{ED1B3726-B498-4919-AEF1-06EB47329025} = {2F5E28A1-A183-488F-A95E-FFDDADCDD7DF}
		{EE92C02D-0A3A-4B43-97CF-B24CB599C370} = {B7D7B268-83B9-4000-81AA-68C10D99360D}
		{DEB7B1CD-AF4B-42D2-B145-DCD122EAF3A6} = {B7D7B268-83B9-4000-81AA-68C10D99360D}
		{C87B2864-276F-45D6-A983-31A4612B51A3} = {B7D7B268-83B9-4000-81AA-68C10D99360D}
		{17FADDD9-FB19-43BA-9DB9-5904502324D9} = {2E8BA049-6021-4DEA-8B43-C5A0F7A9ED8D}
		{DFC2A52F-FADA-4085-9AC0-3F65C79F9CBA} = {8A959ABF-92F9-47E4-BDDD-4941048BF36E}
	EndGlobalSection
	GlobalSection(ExtensibilityGlobals) = postSolution
		SolutionGuid = {EB1C7FA3-211E-4DB9-A22F-35151A9EFE27}
	EndGlobalSection
EndGlobal
